
Microsoft Visual Studio Solution File, Format Version 12.00
Project("{FAE04EC0-301F-11D3-BF4B-00C04F79EFBC}") = "NutriWise.Api", "src\NutriWise.Api\NutriWise.Api.csproj", "{A41BB6BB-E871-40E0-864E-5953D8FDD49D}"
EndProject
Project("{FAE04EC0-301F-11D3-BF4B-00C04F79EFBC}") = "NutriWise.Application", "src\NutriWise.Application\NutriWise.Application.csproj", "{8DD0CB2D-B418-447E-81DC-4198864293CB}"
EndProject
Project("{FAE04EC0-301F-11D3-BF4B-00C04F79EFBC}") = "NutriWise.Domain", "src\NutriWise.Domain\NutriWise.Domain.csproj", "{EFC21D37-C958-4392-AD84-256BBC3CC56E}"
EndProject
Project("{FAE04EC0-301F-11D3-BF4B-00C04F79EFBC}") = "NutriWise.Infrastructure", "src\NutriWise.Infrastructure\NutriWise.Infrastructure.csproj", "{26BCF6F6-8BAF-470C-92C8-F5A57DFC091B}"
EndProject
Global
	GlobalSection(SolutionConfigurationPlatforms) = preSolution
		Debug|Any CPU = Debug|Any CPU
		Release|Any CPU = Release|Any CPU
	EndGlobalSection
	GlobalSection(ProjectConfigurationPlatforms) = postSolution
		{A41BB6BB-E871-40E0-864E-5953D8FDD49D}.Debug|Any CPU.ActiveCfg = Debug|Any CPU
		{A41BB6BB-E871-40E0-864E-5953D8FDD49D}.Debug|Any CPU.Build.0 = Debug|Any CPU
		{A41BB6BB-E871-40E0-864E-5953D8FDD49D}.Release|Any CPU.ActiveCfg = Release|Any CPU
		{A41BB6BB-E871-40E0-864E-5953D8FDD49D}.Release|Any CPU.Build.0 = Release|Any CPU
		{8DD0CB2D-B418-447E-81DC-4198864293CB}.Debug|Any CPU.ActiveCfg = Debug|Any CPU
		{8DD0CB2D-B418-447E-81DC-4198864293CB}.Debug|Any CPU.Build.0 = Debug|Any CPU
		{8DD0CB2D-B418-447E-81DC-4198864293CB}.Release|Any CPU.ActiveCfg = Release|Any CPU
		{8DD0CB2D-B418-447E-81DC-4198864293CB}.Release|Any CPU.Build.0 = Release|Any CPU
		{EFC21D37-C958-4392-AD84-256BBC3CC56E}.Debug|Any CPU.ActiveCfg = Debug|Any CPU
		{EFC21D37-C958-4392-AD84-256BBC3CC56E}.Debug|Any CPU.Build.0 = Debug|Any CPU
		{EFC21D37-C958-4392-AD84-256BBC3CC56E}.Release|Any CPU.ActiveCfg = Release|Any CPU
		{EFC21D37-C958-4392-AD84-256BBC3CC56E}.Release|Any CPU.Build.0 = Release|Any CPU
		{26BCF6F6-8BAF-470C-92C8-F5A57DFC091B}.Debug|Any CPU.ActiveCfg = Debug|Any CPU
		{26BCF6F6-8BAF-470C-92C8-F5A57DFC091B}.Debug|Any CPU.Build.0 = Debug|Any CPU
		{26BCF6F6-8BAF-470C-92C8-F5A57DFC091B}.Release|Any CPU.ActiveCfg = Release|Any CPU
		{26BCF6F6-8BAF-470C-92C8-F5A57DFC091B}.Release|Any CPU.Build.0 = Release|Any CPU
	EndGlobalSection
EndGlobal
